<Solution>
	<Folder Name="/Solution Items/">
		<File Path="../../global.json" />
		<File Path="../../Directory.Packages.props" />
		<File Path="Directory.Build.props" />
		<File Path="README.md" />
	</Folder>
	<!-- The console app consumes the source generator as an analyzer ProjectReference. Including the
	     generator projects in the solution gives the solution-configuration blob explicit mappings,
	     so the analyzer resolves from a single, configuration-consistent output (the .NET SDK would
	     otherwise default the reference to Debug when building in Release and load both copies). -->
	<Folder Name="/generator/">
		<Project Path="../../src/src/SourceGenerator/SourceGenerator.csproj" />
		<Project Path="../../src/src/SourceGenerator.Refactorings/SourceGenerator.Refactorings.csproj" />
	</Folder>
	<Project Path="SampleApp.Net48.ConsoleApp/SampleApp.Net48.ConsoleApp.csproj" />
</Solution>
